// !$*UTF8*$!
{
	archiveVersion = 1;
	classes = {
	};
	objectVersion = 46;
	objects = {

/* Begin PBXBuildFile section */
		110DE5A91B008A1E006B9B12 /* main.m in Sources */ = {isa = PBXBuildFile; fileRef = 110DE5A81B008A1E006B9B12 /* main.m */; };
		110DE5AC1B008A1E006B9B12 /* AppDelegate.m in Sources */ = {isa = PBXBuildFile; fileRef = 110DE5AB1B008A1E006B9B12 /* AppDelegate.m */; };
		110DE5AF1B008A1E006B9B12 /* ViewController.m in Sources */ = {isa = PBXBuildFile; fileRef = 110DE5AE1B008A1E006B9B12 /* ViewController.m */; };
		110DE5B21B008A1E006B9B12 /* Main.storyboard in Resources */ = {isa = PBXBuildFile; fileRef = 110DE5B01B008A1E006B9B12 /* Main.storyboard */; };
		110DE5B41B008A1E006B9B12 /* Images.xcassets in Resources */ = {isa = PBXBuildFile; fileRef = 110DE5B31B008A1E006B9B12 /* Images.xcassets */; };
		110DE5B71B008A1E006B9B12 /* LaunchScreen.xib in Resources */ = {isa = PBXBuildFile; fileRef = 110DE5B51B008A1E006B9B12 /* LaunchScreen.xib */; };
		110DE5C31B008A1E006B9B12 /* WXPay_V3Tests.m in Sources */ = {isa = PBXBuildFile; fileRef = 110DE5C21B008A1E006B9B12 /* WXPay_V3Tests.m */; };
/* End PBXBuildFile section */

/* Begin PBXContainerItemProxy section */
		110DE5BD1B008A1E006B9B12 /* PBXContainerItemProxy */ = {
			isa = PBXContainerItemProxy;
			containerPortal = 110DE59B1B008A1E006B9B12 /* Project object */;
			proxyType = 1;
			remoteGlobalIDString = 110DE5A21B008A1E006B9B12;
			remoteInfo = WXPay_V3;
		};
/* End PBXContainerItemProxy section */

/* Begin PBXFileReference section */
		110DE5A31B008A1E006B9B12 /* WXPay_V3.app */ = {isa = PBXFileReference; explicitFileType = wrapper.application; includeInIndex = 0; path = WXPay_V3.app; sourceTree = BUILT_PRODUCTS_DIR; };
		110DE5A71B008A1E006B9B12 /* Info.plist */ = {isa = PBXFileReference; lastKnownFileType = text.plist.xml; path = Info.plist; sourceTree = "<group>"; };
		110DE5A81B008A1E006B9B12 /* main.m */ = {isa = PBXFileReference; lastKnownFileType = sourcecode.c.objc; path = main.m; sourceTree = "<group>"; };
		110DE5AA1B008A1E006B9B12 /* AppDelegate.h */ = {isa = PBXFileReference; lastKnownFileType = sourcecode.c.h; path = AppDelegate.h; sourceTree = "<group>"; };
		110DE5AB1B008A1E006B9B12 /* AppDelegate.m */ = {isa = PBXFileReference; lastKnownFileType = sourcecode.c.objc; path = AppDelegate.m; sourceTree = "<group>"; };
		110DE5AD1B008A1E006B9B12 /* ViewController.h */ = {isa = PBXFileReference; lastKnownFileType = sourcecode.c.h; path = ViewController.h; sourceTree = "<group>"; };
		110DE5AE1B008A1E006B9B12 /* ViewController.m */ = {isa = PBXFileReference; lastKnownFileType = sourcecode.c.objc; path = ViewController.m; sourceTree = "<group>"; };
		110DE5B11B008A1E006B9B12 /* Base */ = {isa = PBXFileReference; lastKnownFileType = file.storyboard; name = Base; path = Base.lproj/Main.storyboard; sourceTree = "<group>"; };
		110DE5B31B008A1E006B9B12 /* Images.xcassets */ = {isa = PBXFileReference; lastKnownFileType = folder.assetcatalog; path = Images.xcassets; sourceTree = "<group>"; };
		110DE5B61B008A1E006B9B12 /* Base */ = {isa = PBXFileReference; lastKnownFileType = file.xib; name = Base; path = Base.lproj/LaunchScreen.xib; sourceTree = "<group>"; };
		110DE5BC1B008A1E006B9B12 /* WXPay_V3Tests.xctest */ = {isa = PBXFileReference; explicitFileType = wrapper.cfbundle; includeInIndex = 0; path = WXPay_V3Tests.xctest; sourceTree = BUILT_PRODUCTS_DIR; };
		110DE5C11B008A1E006B9B12 /* Info.plist */ = {isa = PBXFileReference; lastKnownFileType = text.plist.xml; path = Info.plist; sourceTree = "<group>"; };
		110DE5C21B008A1E006B9B12 /* WXPay_V3Tests.m */ = {isa = PBXFileReference; lastKnownFileType = sourcecode.c.objc; path = WXPay_V3Tests.m; sourceTree = "<group>"; };
/* End PBXFileReference section */

/* Begin PBXFrameworksBuildPhase section */
		110DE5A01B008A1E006B9B12 /* Frameworks */ = {
			isa = PBXFrameworksBuildPhase;
			buildActionMask = 2147483647;
			files = (
			);
			runOnlyForDeploymentPostprocessing = 0;
		};
		110DE5B91B008A1E006B9B12 /* Frameworks */ = {
			isa = PBXFrameworksBuildPhase;
			buildActionMask = 2147483647;
			files = (
			);
			runOnlyForDeploymentPostprocessing = 0;
		};
/* End PBXFrameworksBuildPhase section */

/* Begin PBXGroup section */
		110DE59A1B008A1E006B9B12 = {
			isa = PBXGroup;
			children = (
				110DE5A51B008A1E006B9B12 /* WXPay_V3 */,
				110DE5BF1B008A1E006B9B12 /* WXPay_V3Tests */,
				110DE5A41B008A1E006B9B12 /* Products */,
			);
			sourceTree = "<group>";
		};
		110DE5A41B008A1E006B9B12 /* Products */ = {
			isa = PBXGroup;
			children = (
				110DE5A31B008A1E006B9B12 /* WXPay_V3.app */,
				110DE5BC1B008A1E006B9B12 /* WXPay_V3Tests.xctest */,
			);
			name = Products;
			sourceTree = "<group>";
		};
		110DE5A51B008A1E006B9B12 /* WXPay_V3 */ = {
			isa = PBXGroup;
			children = (
				110DE5AA1B008A1E006B9B12 /* AppDelegate.h */,
				110DE5AB1B008A1E006B9B12 /* AppDelegate.m */,
				110DE5AD1B008A1E006B9B12 /* ViewController.h */,
				110DE5AE1B008A1E006B9B12 /* ViewController.m */,
				110DE5B01B008A1E006B9B12 /* Main.storyboard */,
				110DE5B31B008A1E006B9B12 /* Images.xcassets */,
				110DE5B51B008A1E006B9B12 /* LaunchScreen.xib */,
				110DE5A61B008A1E006B9B12 /* Supporting Files */,
			);
			path = WXPay_V3;
			sourceTree = "<group>";
		};
		110DE5A61B008A1E006B9B12 /* Supporting Files */ = {
			isa = PBXGroup;
			children = (
				110DE5A71B008A1E006B9B12 /* Info.plist */,
				110DE5A81B008A1E006B9B12 /* main.m */,
			);
			name = "Supporting Files";
			sourceTree = "<group>";
		};
		110DE5BF1B008A1E006B9B12 /* WXPay_V3Tests */ = {
			isa = PBXGroup;
			children = (
				110DE5C21B008A1E006B9B12 /* WXPay_V3Tests.m */,
				110DE5C01B008A1E006B9B12 /* Supporting Files */,
			);
			path = WXPay_V3Tests;
			sourceTree = "<group>";
		};
		110DE5C01B008A1E006B9B12 /* Supporting Files */ = {
			isa = PBXGroup;
			children = (
				110DE5C11B008A1E006B9B12 /* Info.plist */,
			);
			name = "Supporting Files";
			sourceTree = "<group>";
		};
/* End PBXGroup section */

/* Begin PBXNativeTarget section */
		110DE5A21B008A1E006B9B12 /* WXPay_V3 */ = {
			isa = PBXNativeTarget;
			buildConfigurationList = 110DE5C61B008A1E006B9B12 /* Build configuration list for PBXNativeTarget "WXPay_V3" */;
			buildPhases = (
				110DE59F1B008A1E006B9B12 /* Sources */,
				110DE5A01B008A1E006B9B12 /* Frameworks */,
				110DE5A11B008A1E006B9B12 /* Resources */,
			);
			buildRules = (
			);
			dependencies = (
			);
			name = WXPay_V3;
			productName = WXPay_V3;
			productReference = 110DE5A31B008A1E006B9B12 /* WXPay_V3.app */;
			productType = "com.apple.product-type.application";
		};
		110DE5BB1B008A1E006B9B12 /* WXPay_V3Tests */ = {
			isa = PBXNativeTarget;
			buildConfigurationList = 110DE5C91B008A1E006B9B12 /* Build configuration list for PBXNativeTarget "WXPay_V3Tests" */;
			buildPhases = (
				110DE5B81B008A1E006B9B12 /* Sources */,
				110DE5B91B008A1E006B9B12 /* Frameworks */,
				110DE5BA1B008A1E006B9B12 /* Resources */,
			);
			buildRules = (
			);
			dependencies = (
				110DE5BE1B008A1E006B9B12 /* PBXTargetDependency */,
			);
			name = WXPay_V3Tests;
			productName = WXPay_V3Tests;
			productReference = 110DE5BC1B008A1E006B9B12 /* WXPay_V3Tests.xctest */;
			productType = "com.apple.product-type.bundle.unit-test";
		};
/* End PBXNativeTarget section */

/* Begin PBXProject section */
		110DE59B1B008A1E006B9B12 /* Project object */ = {
			isa = PBXProject;
			attributes = {
				LastUpgradeCheck = 0630;
				ORGANIZATIONNAME = HeHui;
				TargetAttributes = {
					110DE5A21B008A1E006B9B12 = {
						CreatedOnToolsVersion = 6.3;
					};
					110DE5BB1B008A1E006B9B12 = {
						CreatedOnToolsVersion = 6.3;
						TestTargetID = 110DE5A21B008A1E006B9B12;
					};
				};
			};
			buildConfigurationList = 110DE59E1B008A1E006B9B12 /* Build configuration list for PBXProject "WXPay_V3" */;
			compatibilityVersion = "Xcode 3.2";
			developmentRegion = English;
			hasScannedForEncodings = 0;
			knownRegions = (
				en,
				Base,
			);
			mainGroup = 110DE59A1B008A1E006B9B12;
			productRefGroup = 110DE5A41B008A1E006B9B12 /* Products */;
			projectDirPath = "";
			projectRoot = "";
			targets = (
				110DE5A21B008A1E006B9B12 /* WXPay_V3 */,
				110DE5BB1B008A1E006B9B12 /* WXPay_V3Tests */,
			);
		};
/* End PBXProject section */

/* Begin PBXResourcesBuildPhase section */
		110DE5A11B008A1E006B9B12 /* Resources */ = {
			isa = PBXResourcesBuildPhase;
			buildActionMask = 2147483647;
			files = (
				110DE5B21B008A1E006B9B12 /* Main.storyboard in Resources */,
				110DE5B71B008A1E006B9B12 /* LaunchScreen.xib in Resources */,
				110DE5B41B008A1E006B9B12 /* Images.xcassets in Resources */,
			);
			runOnlyForDeploymentPostprocessing = 0;
		};
		110DE5BA1B008A1E006B9B12 /* Resources */ = {
			isa = PBXResourcesBuildPhase;
			buildActionMask = 2147483647;
			files = (
			);
			runOnlyForDeploymentPostprocessing = 0;
		};
/* End PBXResourcesBuildPhase section */

/* Begin PBXSourcesBuildPhase section */
		110DE59F1B008A1E006B9B12 /* Sources */ = {
			isa = PBXSourcesBuildPhase;
			buildActionMask = 2147483647;
			files = (
				110DE5AF1B008A1E006B9B12 /* ViewController.m in Sources */,
				110DE5AC1B008A1E006B9B12 /* AppDelegate.m in Sources */,
				110DE5A91B008A1E006B9B12 /* main.m in Sources */,
			);
			runOnlyForDeploymentPostprocessing = 0;
		};
		110DE5B81B008A1E006B9B12 /* Sources */ = {
			isa = PBXSourcesBuildPhase;
			buildActionMask = 2147483647;
			files = (
				110DE5C31B008A1E006B9B12 /* WXPay_V3Tests.m in Sources */,
			);
			runOnlyForDeploymentPostprocessing = 0;
		};
/* End PBXSourcesBuildPhase section */

/* Begin PBXTargetDependency section */
		110DE5BE1B008A1E006B9B12 /* PBXTargetDependency */ = {
			isa = PBXTargetDependency;
			target = 110DE5A21B008A1E006B9B12 /* WXPay_V3 */;
			targetProxy = 110DE5BD1B008A1E006B9B12 /* PBXContainerItemProxy */;
		};
/* End PBXTargetDependency section */

/* Begin PBXVariantGroup section */
		110DE5B01B008A1E006B9B12 /* Main.storyboard */ = {
			isa = PBXVariantGroup;
			children = (
				110DE5B11B008A1E006B9B12 /* Base */,
			);
			name = Main.storyboard;
			sourceTree = "<group>";
		};
		110DE5B51B008A1E006B9B12 /* LaunchScreen.xib */ = {
			isa = PBXVariantGroup;
			children = (
				110DE5B61B008A1E006B9B12 /* Base */,
			);
			name = LaunchScreen.xib;
			sourceTree = "<group>";
		};
/* End PBXVariantGroup section */

/* Begin XCBuildConfiguration section */
		110DE5C41B008A1E006B9B12 /* Debug */ = {
			isa = XCBuildConfiguration;
			buildSettings = {
				ALWAYS_SEARCH_USER_PATHS = NO;
				CLANG_CXX_LANGUAGE_STANDARD = "gnu++0x";
				CLANG_CXX_LIBRARY = "libc++";
				CLANG_ENABLE_MODULES = YES;
				CLANG_ENABLE_OBJC_ARC = YES;
				CLANG_WARN_BOOL_CONVERSION = YES;
				CLANG_WARN_CONSTANT_CONVERSION = YES;
				CLANG_WARN_DIRECT_OBJC_ISA_USAGE = YES_ERROR;
				CLANG_WARN_EMPTY_BODY = YES;
				CLANG_WARN_ENUM_CONVERSION = YES;
				CLANG_WARN_INT_CONVERSION = YES;
				CLANG_WARN_OBJC_ROOT_CLASS = YES_ERROR;
				CLANG_WARN_UNREACHABLE_CODE = YES;
				CLANG_WARN__DUPLICATE_METHOD_MATCH = YES;
				"CODE_SIGN_IDENTITY[sdk=iphoneos*]" = "iPhone Developer";
				COPY_PHASE_STRIP = NO;
				DEBUG_INFORMATION_FORMAT = "dwarf-with-dsym";
				ENABLE_STRICT_OBJC_MSGSEND = YES;
				GCC_C_LANGUAGE_STANDARD = gnu99;
				GCC_DYNAMIC_NO_PIC = NO;
				GCC_NO_COMMON_BLOCKS = YES;
				GCC_OPTIMIZATION_LEVEL = 0;
				GCC_PREPROCESSOR_DEFINITIONS = (
					"DEBUG=1",
					"$(inherited)",
				);
				GCC_SYMBOLS_PRIVATE_EXTERN = NO;
				GCC_WARN_64_TO_32_BIT_CONVERSION = YES;
				GCC_WARN_ABOUT_RETURN_TYPE = YES_ERROR;
				GCC_WARN_UNDECLARED_SELECTOR = YES;
				GCC_WARN_UNINITIALIZED_AUTOS = YES_AGGRESSIVE;
				GCC_WARN_UNUSED_FUNCTION = YES;
				GCC_WARN_UNUSED_VARIABLE = YES;
				IPHONEOS_DEPLOYMENT_TARGET = 8.3;
				MTL_ENABLE_DEBUG_INFO = YES;
				ONLY_ACTIVE_ARCH = YES;
				SDKROOT = iphoneos;
				TARGETED_DEVICE_FAMILY = "1,2";
			};
			name = Debug;
		};
		110DE5C51B008A1E006B9B12 /* Release */ = {
			isa = XCBuildConfiguration;
			buildSettings = {
				ALWAYS_SEARCH_USER_PATHS = NO;
				CLANG_CXX_LANGUAGE_STANDARD = "gnu++0x";
				CLANG_CXX_LIBRARY = "libc++";
				CLANG_ENABLE_MODULES = YES;
				CLANG_ENABLE_OBJC_ARC = YES;
				CLANG_WARN_BOOL_CONVERSION = YES;
				CLANG_WARN_CONSTANT_CONVERSION = YES;
				CLANG_WARN_DIRECT_OBJC_ISA_USAGE = YES_ERROR;
				CLANG_WARN_EMPTY_BODY = YES;
				CLANG_WARN_ENUM_CONVERSION = YES;
				CLANG_WARN_INT_CONVERSION = YES;
				CLANG_WARN_OBJC_ROOT_CLASS = YES_ERROR;
				CLANG_WARN_UNREACHABLE_CODE = YES;
				CLANG_WARN__DUPLICATE_METHOD_MATCH = YES;
				"CODE_SIGN_IDENTITY[sdk=iphoneos*]" = "iPhone Developer";
				COPY_PHASE_STRIP = NO;
				DEBUG_INFORMATION_FORMAT = "dwarf-with-dsym";
				ENABLE_NS_ASSERTIONS = NO;
				ENABLE_STRICT_OBJC_MSGSEND = YES;
				GCC_C_LANGUAGE_STANDARD = gnu99;
				GCC_NO_COMMON_BLOCKS = YES;
				GCC_WARN_64_TO_32_BIT_CONVERSION = YES;
				GCC_WARN_ABOUT_RETURN_TYPE = YES_ERROR;
				GCC_WARN_UNDECLARED_SELECTOR = YES;
				GCC_WARN_UNINITIALIZED_AUTOS = YES_AGGRESSIVE;
				GCC_WARN_UNUSED_FUNCTION = YES;
				GCC_WARN_UNUSED_VARIABLE = YES;
				IPHONEOS_DEPLOYMENT_TARGET = 8.3;
				MTL_ENABLE_DEBUG_INFO = NO;
				SDKROOT = iphoneos;
				TARGETED_DEVICE_FAMILY = "1,2";
				VALIDATE_PRODUCT = YES;
			};
			name = Release;
		};
		110DE5C71B008A1E006B9B12 /* Debug */ = {
			isa = XCBuildConfiguration;
			buildSettings = {
				ASSETCATALOG_COMPILER_APPICON_NAME = AppIcon;
				INFOPLIST_FILE = WXPay_V3/Info.plist;
				LD_RUNPATH_SEARCH_PATHS = "$(inherited) @executable_path/Frameworks";
				PRODUCT_NAME = "$(TARGET_NAME)";
			};
			name = Debug;
		};
		110DE5C81B008A1E006B9B12 /* Release */ = {
			isa = XCBuildConfiguration;
			buildSettings = {
				ASSETCATALOG_COMPILER_APPICON_NAME = AppIcon;
				INFOPLIST_FILE = WXPay_V3/Info.plist;
				LD_RUNPATH_SEARCH_PATHS = "$(inherited) @executable_path/Frameworks";
				PRODUCT_NAME = "$(TARGET_NAME)";
			};
			name = Release;
		};
		110DE5CA1B008A1E006B9B12 /* Debug */ = {
			isa = XCBuildConfiguration;
			buildSettings = {
				BUNDLE_LOADER = "$(TEST_HOST)";
				FRAMEWORK_SEARCH_PATHS = (
					"$(SDKROOT)/Developer/Library/Frameworks",
					"$(inherited)",
				);
				GCC_PREPROCESSOR_DEFINITIONS = (
					"DEBUG=1",
					"$(inherited)",
				);
				INFOPLIST_FILE = WXPay_V3Tests/Info.plist;
				LD_RUNPATH_SEARCH_PATHS = "$(inherited) @executable_path/Frameworks @loader_path/Frameworks";
				PRODUCT_NAME = "$(TARGET_NAME)";
				TEST_HOST = "$(BUILT_PRODUCTS_DIR)/WXPay_V3.app/WXPay_V3";
			};
			name = Debug;
		};
		110DE5CB1B008A1E006B9B12 /* Release */ = {
			isa = XCBuildConfiguration;
			buildSettings = {
				BUNDLE_LOADER = "$(TEST_HOST)";
				FRAMEWORK_SEARCH_PATHS = (
					"$(SDKROOT)/Developer/Library/Frameworks",
					"$(inherited)",
				);
				INFOPLIST_FILE = WXPay_V3Tests/Info.plist;
				LD_RUNPATH_SEARCH_PATHS = "$(inherited) @executable_path/Frameworks @loader_path/Frameworks";
				PRODUCT_NAME = "$(TARGET_NAME)";
				TEST_HOST = "$(BUILT_PRODUCTS_DIR)/WXPay_V3.app/WXPay_V3";
			};
			name = Release;
		};
/* End XCBuildConfiguration section */

/* Begin XCConfigurationList section */
		110DE59E1B008A1E006B9B12 /* Build configuration list for PBXProject "WXPay_V3" */ = {
			isa = XCConfigurationList;
			buildConfigurations = (
				110DE5C41B008A1E006B9B12 /* Debug */,
				110DE5C51B008A1E006B9B12 /* Release */,
			);
			defaultConfigurationIsVisible = 0;
			defaultConfigurationName = Release;
		};
		110DE5C61B008A1E006B9B12 /* Build configuration list for PBXNativeTarget "WXPay_V3" */ = {
			isa = XCConfigurationList;
			buildConfigurations = (
				110DE5C71B008A1E006B9B12 /* Debug */,
				110DE5C81B008A1E006B9B12 /* Release */,
			);
			defaultConfigurationIsVisible = 0;
		};
		110DE5C91B008A1E006B9B12 /* Build configuration list for PBXNativeTarget "WXPay_V3Tests" */ = {
			isa = XCConfigurationList;
			buildConfigurations = (
				110DE5CA1B008A1E006B9B12 /* Debug */,
				110DE5CB1B008A1E006B9B12 /* Release */,
			);
			defaultConfigurationIsVisible = 0;
		};
/* End XCConfigurationList section */
	};
	rootObject = 110DE59B1B008A1E006B9B12 /* Project object */;
}
